
Microsoft Visual Studio Solution File, Format Version 12.00
# Visual Studio 15
VisualStudioVersion = 15.0.28307.168
MinimumVisualStudioVersion = 10.0.40219.1
Project("{FAE04EC0-301F-11D3-BF4B-00C04F79EFBC}") = "bot", "bot\bot.csproj", "{2B98F59A-00D0-4020-9C1C-B28B65DD63C7}"
EndProject
Global
	GlobalSection(SolutionConfigurationPlatforms) = preSolution
		Debug|Any CPU = Debug|Any CPU
		Release|Any CPU = Release|Any CPU
	EndGlobalSection
	GlobalSection(ProjectConfigurationPlatforms) = postSolution
		{2B98F59A-00D0-4020-9C1C-B28B65DD63C7}.Debug|Any CPU.ActiveCfg = Debug|Any CPU
		{2B98F59A-00D0-4020-9C1C-B28B65DD63C7}.Debug|Any CPU.Build.0 = Debug|Any CPU
		{2B98F59A-00D0-4020-9C1C-B28B65DD63C7}.Release|Any CPU.ActiveCfg = Release|Any CPU
		{2B98F59A-00D0-4020-9C1C-B28B65DD63C7}.Release|Any CPU.Build.0 = Release|Any CPU
	EndGlobalSection
	GlobalSection(SolutionProperties) = preSolution
		HideSolutionNode = FALSE
	EndGlobalSection
	GlobalSection(ExtensibilityGlobals) = postSolution
		SolutionGuid = {3E412707-5250-4F79-9740-ED8CD592CD39}
	EndGlobalSection
EndGlobal
